{
  "name": "react",
  "version": "1.0.0",
  "lockfileVersion": 1,
  "requires": true,
  "dependencies": {
    "css-mediaquery": {
      "version": "0.1.2",
      "resolved": "https://registry.npmjs.org/css-mediaquery/-/css-mediaquery-0.1.2.tgz",
      "integrity": "sha1-aiw3NEkoYYYxxUvTPO3TAdoYvqA="
    },
    "object-resolve-path": {
      "version": "1.1.1",
      "resolved": "https://registry.npmjs.org/object-resolve-path/-/object-resolve-path-1.1.1.tgz",
      "integrity": "sha1-p/j5Poogr4DkQhe6fbVDFtnRIjI="
    },
    "react-native-common-utils": {
      "version": "7.2.0",
      "resolved": "https://registry.npmjs.org/react-native-common-utils/-/react-native-common-utils-7.2.0.tgz",
      "integrity": "sha512-I2hFkoqAHPpRTHmwpv9AQsj0rGZPWidFuQ96okzydKb/EpRGumqExtzCLwALwr1WUXFfa+mVIBHY80ZYt7/u8A==",
      "requires": {
        "react-native-extended-stylesheet": "^0.12.0",
        "simple-common-utils": "^2.2.0"
      }
    },
    "react-native-extended-stylesheet": {
      "version": "0.12.0",
      "resolved": "https://registry.npmjs.org/react-native-extended-stylesheet/-/react-native-extended-stylesheet-0.12.0.tgz",
      "integrity": "sha512-y4MEI+a9F8qtAKEjxKbwqotJg1FqKfl6vaiF25ULZ/VGkWI4GNTnsFunU9x6B3XJ6ly1E8O9fybO63u6UazL/A==",
      "requires": {
        "css-mediaquery": "^0.1.2",
        "object-resolve-path": "^1.1.0"
      }
    },
    "simple-common-utils": {
      "version": "2.2.0",
      "resolved": "https://registry.npmjs.org/simple-common-utils/-/simple-common-utils-2.2.0.tgz",
      "integrity": "sha512-ffTqWrTO0U2/V5exLTl3ex/3Wt15dzhaD2vN0+EBUGx98OI0h6V6Y1qAEm4hyATwuVFU+Q3jewW2hAtFVN39kg=="
    }
  }
}
